
Microsoft Visual Studio Solution File, Format Version 12.00
# Visual Studio Version 17
VisualStudioVersion = 17.8.34525.116
MinimumVisualStudioVersion = 10.0.40219.1
Project("{FAE04EC0-301F-11D3-BF4B-00C04F79EFBC}") = "Lab_02", "Lab_02\Lab_02.csproj", "{89232C12-FA19-4194-B52F-3084BBEBF458}"
EndProject
Global
	GlobalSection(SolutionConfigurationPlatforms) = preSolution
		Debug|Any CPU = Debug|Any CPU
		Release|Any CPU = Release|Any CPU
	EndGlobalSection
	GlobalSection(ProjectConfigurationPlatforms) = postSolution
		{89232C12-FA19-4194-B52F-3084BBEBF458}.Debug|Any CPU.ActiveCfg = Debug|Any CPU
		{89232C12-FA19-4194-B52F-3084BBEBF458}.Debug|Any CPU.Build.0 = Debug|Any CPU
		{89232C12-FA19-4194-B52F-3084BBEBF458}.Release|Any CPU.ActiveCfg = Release|Any CPU
		{89232C12-FA19-4194-B52F-3084BBEBF458}.Release|Any CPU.Build.0 = Release|Any CPU
	EndGlobalSection
	GlobalSection(SolutionProperties) = preSolution
		HideSolutionNode = FALSE
	EndGlobalSection
	GlobalSection(ExtensibilityGlobals) = postSolution
		SolutionGuid = {AA0B1E91-F8A3-4FA0-AB3F-F75E36C63815}
	EndGlobalSection
EndGlobal
